
Microsoft Visual Studio Solution File, Format Version 12.00
# Visual Studio 15
VisualStudioVersion = 15.0.28307.489
MinimumVisualStudioVersion = 10.0.40219.1
Project("{FAE04EC0-301F-11D3-BF4B-00C04F79EFBC}") = "Codenames", "Codenames\Codenames.csproj", "{EDFECD3F-747E-4A38-B9CB-308ABB2A176F}"
EndProject
Global
	GlobalSection(SolutionConfigurationPlatforms) = preSolution
		Debug|Any CPU = Debug|Any CPU
		Release|Any CPU = Release|Any CPU
	EndGlobalSection
	GlobalSection(ProjectConfigurationPlatforms) = postSolution
		{EDFECD3F-747E-4A38-B9CB-308ABB2A176F}.Debug|Any CPU.ActiveCfg = Debug|Any CPU
		{EDFECD3F-747E-4A38-B9CB-308ABB2A176F}.Debug|Any CPU.Build.0 = Debug|Any CPU
		{EDFECD3F-747E-4A38-B9CB-308ABB2A176F}.Release|Any CPU.ActiveCfg = Release|Any CPU
		{EDFECD3F-747E-4A38-B9CB-308ABB2A176F}.Release|Any CPU.Build.0 = Release|Any CPU
	EndGlobalSection
	GlobalSection(SolutionProperties) = preSolution
		HideSolutionNode = FALSE
	EndGlobalSection
	GlobalSection(ExtensibilityGlobals) = postSolution
		SolutionGuid = {E0944F52-C451-43C7-9807-7DA239E262DA}
	EndGlobalSection
EndGlobal
